// !$*UTF8*$!
{
	archiveVersion = 1;
	classes = {
	};
	objectVersion = 56;
	objects = {

/* Begin PBXBuildFile section */
		559E76982CAC54010035F04C /* FirebaseFirestore in Frameworks */ = {isa = PBXBuildFile; productRef = 559E76972CAC54010035F04C /* FirebaseFirestore */; };
		559E769A2CAC547B0035F04C /* FirebaseAnalytics in Frameworks */ = {isa = PBXBuildFile; productRef = 559E76992CAC547B0035F04C /* FirebaseAnalytics */; };
		559E769C2CAC547B0035F04C /* FirebaseAnalyticsOnDeviceConversion in Frameworks */ = {isa = PBXBuildFile; productRef = 559E769B2CAC547B0035F04C /* FirebaseAnalyticsOnDeviceConversion */; };
		559E769E2CAC547B0035F04C /* FirebaseAnalyticsWithoutAdIdSupport in Frameworks */ = {isa = PBXBuildFile; productRef = 559E769D2CAC547B0035F04C /* FirebaseAnalyticsWithoutAdIdSupport */; };
		559E76A02CAC547B0035F04C /* FirebaseAppCheck in Frameworks */ = {isa = PBXBuildFile; productRef = 559E769F2CAC547B0035F04C /* FirebaseAppCheck */; };
		559E76A22CAC547B0035F04C /* FirebaseAppDistribution-Beta in Frameworks */ = {isa = PBXBuildFile; productRef = 559E76A12CAC547B0035F04C /* FirebaseAppDistribution-Beta */; };
		559E76A42CAC547B0035F04C /* FirebaseAuth in Frameworks */ = {isa = PBXBuildFile; productRef = 559E76A32CAC547B0035F04C /* FirebaseAuth */; };
		559E76A62CAC547B0035F04C /* FirebaseAuthCombine-Community in Frameworks */ = {isa = PBXBuildFile; productRef = 559E76A52CAC547B0035F04C /* FirebaseAuthCombine-Community */; };
		559E76A82CAC547B0035F04C /* FirebaseCore in Frameworks */ = {isa = PBXBuildFile; productRef = 559E76A72CAC547B0035F04C /* FirebaseCore */; };
		559E76AA2CAC547B0035F04C /* FirebaseCrashlytics in Frameworks */ = {isa = PBXBuildFile; productRef = 559E76A92CAC547B0035F04C /* FirebaseCrashlytics */; };
		559E76AC2CAC547B0035F04C /* FirebaseDatabase in Frameworks */ = {isa = PBXBuildFile; productRef = 559E76AB2CAC547B0035F04C /* FirebaseDatabase */; };
		559E76AE2CAC547B0035F04C /* FirebaseDynamicLinks in Frameworks */ = {isa = PBXBuildFile; productRef = 559E76AD2CAC547B0035F04C /* FirebaseDynamicLinks */; };
		559E76B02CAC547B0035F04C /* FirebaseFirestoreCombine-Community in Frameworks */ = {isa = PBXBuildFile; productRef = 559E76AF2CAC547B0035F04C /* FirebaseFirestoreCombine-Community */; };
		559E76B22CAC547B0035F04C /* FirebaseFunctions in Frameworks */ = {isa = PBXBuildFile; productRef = 559E76B12CAC547B0035F04C /* FirebaseFunctions */; };
		559E76B42CAC547B0035F04C /* FirebaseFunctionsCombine-Community in Frameworks */ = {isa = PBXBuildFile; productRef = 559E76B32CAC547B0035F04C /* FirebaseFunctionsCombine-Community */; };
		559E76B62CAC547B0035F04C /* FirebaseInAppMessaging-Beta in Frameworks */ = {isa = PBXBuildFile; productRef = 559E76B52CAC547B0035F04C /* FirebaseInAppMessaging-Beta */; };
		559E76B82CAC547B0035F04C /* FirebaseInstallations in Frameworks */ = {isa = PBXBuildFile; productRef = 559E76B72CAC547B0035F04C /* FirebaseInstallations */; };
		559E76BA2CAC547B0035F04C /* FirebaseMLModelDownloader in Frameworks */ = {isa = PBXBuildFile; productRef = 559E76B92CAC547B0035F04C /* FirebaseMLModelDownloader */; };
		559E76BC2CAC547B0035F04C /* FirebaseMessaging in Frameworks */ = {isa = PBXBuildFile; productRef = 559E76BB2CAC547B0035F04C /* FirebaseMessaging */; };
		559E76BE2CAC547B0035F04C /* FirebasePerformance in Frameworks */ = {isa = PBXBuildFile; productRef = 559E76BD2CAC547B0035F04C /* FirebasePerformance */; };
		559E76C02CAC547B0035F04C /* FirebaseRemoteConfig in Frameworks */ = {isa = PBXBuildFile; productRef = 559E76BF2CAC547B0035F04C /* FirebaseRemoteConfig */; };
		559E76C22CAC547B0035F04C /* FirebaseStorage in Frameworks */ = {isa = PBXBuildFile; productRef = 559E76C12CAC547B0035F04C /* FirebaseStorage */; };
		559E76C42CAC547B0035F04C /* FirebaseStorageCombine-Community in Frameworks */ = {isa = PBXBuildFile; productRef = 559E76C32CAC547B0035F04C /* FirebaseStorageCombine-Community */; };
		559E76C62CAC547B0035F04C /* FirebaseVertexAI-Preview in Frameworks */ = {isa = PBXBuildFile; productRef = 559E76C52CAC547B0035F04C /* FirebaseVertexAI-Preview */; };
		559E76C82CAC55080035F04C /* GoogleService-Info.plist in Resources */ = {isa = PBXBuildFile; fileRef = 559E76C72CAC55080035F04C /* GoogleService-Info.plist */; };
		E7F7A79528EDD087007764AA /* PriceCheckFBApp.swift in Sources */ = {isa = PBXBuildFile; fileRef = E7F7A79428EDD087007764AA /* PriceCheckFBApp.swift */; };
		E7F7A79928EDD088007764AA /* Assets.xcassets in Resources */ = {isa = PBXBuildFile; fileRef = E7F7A79828EDD088007764AA /* Assets.xcassets */; };
		E7F7A79C28EDD088007764AA /* Preview Assets.xcassets in Resources */ = {isa = PBXBuildFile; fileRef = E7F7A79B28EDD088007764AA /* Preview Assets.xcassets */; };
		E7F7A7A728EDD0F2007764AA /* Helper.swift in Sources */ = {isa = PBXBuildFile; fileRef = E7F7A7A628EDD0F2007764AA /* Helper.swift */; };
		E7F7A7A928EDD10C007764AA /* Location.swift in Sources */ = {isa = PBXBuildFile; fileRef = E7F7A7A828EDD10C007764AA /* Location.swift */; };
		E7F7A7AB28EDD125007764AA /* PriceScan.swift in Sources */ = {isa = PBXBuildFile; fileRef = E7F7A7AA28EDD125007764AA /* PriceScan.swift */; };
		E7F7A7AD28EDD1B9007764AA /* AppView.swift in Sources */ = {isa = PBXBuildFile; fileRef = E7F7A7AC28EDD1B9007764AA /* AppView.swift */; };
		E7F7A7AF28EDD1ED007764AA /* ScanListView.swift in Sources */ = {isa = PBXBuildFile; fileRef = E7F7A7AE28EDD1ED007764AA /* ScanListView.swift */; };
		E7F7A7B128EDD1FC007764AA /* ScanRowView.swift in Sources */ = {isa = PBXBuildFile; fileRef = E7F7A7B028EDD1FC007764AA /* ScanRowView.swift */; };
		E7F7A7B328EDD20C007764AA /* SectionView.swift in Sources */ = {isa = PBXBuildFile; fileRef = E7F7A7B228EDD20C007764AA /* SectionView.swift */; };
		E7F7A7B528EDD219007764AA /* ScannerView.swift in Sources */ = {isa = PBXBuildFile; fileRef = E7F7A7B428EDD219007764AA /* ScannerView.swift */; };
		E7F7A7B728EDD2B6007764AA /* scan_by_location.json in Resources */ = {isa = PBXBuildFile; fileRef = E7F7A7B628EDD2B6007764AA /* scan_by_location.json */; };
		E7F7A7B928EDD2E5007764AA /* ScanDetailsView.swift in Sources */ = {isa = PBXBuildFile; fileRef = E7F7A7B828EDD2E5007764AA /* ScanDetailsView.swift */; };
		E7F7A7BE28EDD61A007764AA /* LocationRepository.swift in Sources */ = {isa = PBXBuildFile; fileRef = E7F7A7BD28EDD61A007764AA /* LocationRepository.swift */; };
/* End PBXBuildFile section */

/* Begin PBXFileReference section */
		559E76C72CAC55080035F04C /* GoogleService-Info.plist */ = {isa = PBXFileReference; fileEncoding = 4; lastKnownFileType = text.plist.xml; name = "GoogleService-Info.plist"; path = "../../../../Downloads/GoogleService-Info.plist"; sourceTree = "<group>"; };
		E7F7A79128EDD087007764AA /* PriceCheckFB.app */ = {isa = PBXFileReference; explicitFileType = wrapper.application; includeInIndex = 0; path = PriceCheckFB.app; sourceTree = BUILT_PRODUCTS_DIR; };
		E7F7A79428EDD087007764AA /* PriceCheckFBApp.swift */ = {isa = PBXFileReference; lastKnownFileType = sourcecode.swift; path = PriceCheckFBApp.swift; sourceTree = "<group>"; };
		E7F7A79828EDD088007764AA /* Assets.xcassets */ = {isa = PBXFileReference; lastKnownFileType = folder.assetcatalog; path = Assets.xcassets; sourceTree = "<group>"; };
		E7F7A79B28EDD088007764AA /* Preview Assets.xcassets */ = {isa = PBXFileReference; lastKnownFileType = folder.assetcatalog; path = "Preview Assets.xcassets"; sourceTree = "<group>"; };
		E7F7A7A628EDD0F2007764AA /* Helper.swift */ = {isa = PBXFileReference; lastKnownFileType = sourcecode.swift; path = Helper.swift; sourceTree = "<group>"; };
		E7F7A7A828EDD10C007764AA /* Location.swift */ = {isa = PBXFileReference; lastKnownFileType = sourcecode.swift; path = Location.swift; sourceTree = "<group>"; };
		E7F7A7AA28EDD125007764AA /* PriceScan.swift */ = {isa = PBXFileReference; lastKnownFileType = sourcecode.swift; path = PriceScan.swift; sourceTree = "<group>"; };
		E7F7A7AC28EDD1B9007764AA /* AppView.swift */ = {isa = PBXFileReference; lastKnownFileType = sourcecode.swift; path = AppView.swift; sourceTree = "<group>"; };
		E7F7A7AE28EDD1ED007764AA /* ScanListView.swift */ = {isa = PBXFileReference; lastKnownFileType = sourcecode.swift; path = ScanListView.swift; sourceTree = "<group>"; };
		E7F7A7B028EDD1FC007764AA /* ScanRowView.swift */ = {isa = PBXFileReference; lastKnownFileType = sourcecode.swift; path = ScanRowView.swift; sourceTree = "<group>"; };
		E7F7A7B228EDD20C007764AA /* SectionView.swift */ = {isa = PBXFileReference; lastKnownFileType = sourcecode.swift; path = SectionView.swift; sourceTree = "<group>"; };
		E7F7A7B428EDD219007764AA /* ScannerView.swift */ = {isa = PBXFileReference; lastKnownFileType = sourcecode.swift; path = ScannerView.swift; sourceTree = "<group>"; };
		E7F7A7B628EDD2B6007764AA /* scan_by_location.json */ = {isa = PBXFileReference; fileEncoding = 4; lastKnownFileType = text.json; path = scan_by_location.json; sourceTree = "<group>"; };
		E7F7A7B828EDD2E5007764AA /* ScanDetailsView.swift */ = {isa = PBXFileReference; lastKnownFileType = sourcecode.swift; path = ScanDetailsView.swift; sourceTree = "<group>"; };
		E7F7A7BD28EDD61A007764AA /* LocationRepository.swift */ = {isa = PBXFileReference; lastKnownFileType = sourcecode.swift; path = LocationRepository.swift; sourceTree = "<group>"; };
/* End PBXFileReference section */

/* Begin PBXFrameworksBuildPhase section */
		E7F7A78E28EDD087007764AA /* Frameworks */ = {
			isa = PBXFrameworksBuildPhase;
			buildActionMask = 2147483647;
			files = (
				559E76C62CAC547B0035F04C /* FirebaseVertexAI-Preview in Frameworks */,
				559E76B02CAC547B0035F04C /* FirebaseFirestoreCombine-Community in Frameworks */,
				559E76B22CAC547B0035F04C /* FirebaseFunctions in Frameworks */,
				559E76BE2CAC547B0035F04C /* FirebasePerformance in Frameworks */,
				559E76C42CAC547B0035F04C /* FirebaseStorageCombine-Community in Frameworks */,
				559E76C02CAC547B0035F04C /* FirebaseRemoteConfig in Frameworks */,
				559E769A2CAC547B0035F04C /* FirebaseAnalytics in Frameworks */,
				559E769C2CAC547B0035F04C /* FirebaseAnalyticsOnDeviceConversion in Frameworks */,
				559E76982CAC54010035F04C /* FirebaseFirestore in Frameworks */,
				559E76A02CAC547B0035F04C /* FirebaseAppCheck in Frameworks */,
				559E769E2CAC547B0035F04C /* FirebaseAnalyticsWithoutAdIdSupport in Frameworks */,
				559E76A42CAC547B0035F04C /* FirebaseAuth in Frameworks */,
				559E76BC2CAC547B0035F04C /* FirebaseMessaging in Frameworks */,
				559E76B82CAC547B0035F04C /* FirebaseInstallations in Frameworks */,
				559E76B42CAC547B0035F04C /* FirebaseFunctionsCombine-Community in Frameworks */,
				559E76A22CAC547B0035F04C /* FirebaseAppDistribution-Beta in Frameworks */,
				559E76AA2CAC547B0035F04C /* FirebaseCrashlytics in Frameworks */,
				559E76B62CAC547B0035F04C /* FirebaseInAppMessaging-Beta in Frameworks */,
				559E76AC2CAC547B0035F04C /* FirebaseDatabase in Frameworks */,
				559E76A82CAC547B0035F04C /* FirebaseCore in Frameworks */,
				559E76BA2CAC547B0035F04C /* FirebaseMLModelDownloader in Frameworks */,
				559E76C22CAC547B0035F04C /* FirebaseStorage in Frameworks */,
				559E76A62CAC547B0035F04C /* FirebaseAuthCombine-Community in Frameworks */,
				559E76AE2CAC547B0035F04C /* FirebaseDynamicLinks in Frameworks */,
			);
			runOnlyForDeploymentPostprocessing = 0;
		};
/* End PBXFrameworksBuildPhase section */

/* Begin PBXGroup section */
		E7F7A78828EDD087007764AA = {
			isa = PBXGroup;
			children = (
				E7F7A79328EDD087007764AA /* PriceCheckFB */,
				E7F7A79228EDD087007764AA /* Products */,
			);
			sourceTree = "<group>";
		};
		E7F7A79228EDD087007764AA /* Products */ = {
			isa = PBXGroup;
			children = (
				E7F7A79128EDD087007764AA /* PriceCheckFB.app */,
			);
			name = Products;
			sourceTree = "<group>";
		};
		E7F7A79328EDD087007764AA /* PriceCheckFB */ = {
			isa = PBXGroup;
			children = (
				559E76C72CAC55080035F04C /* GoogleService-Info.plist */,
				E7F7A7A528EDD0C9007764AA /* Resources */,
				E7F7A7A428EDD0BC007764AA /* DataRepositories */,
				E7F7A7A328EDD0B3007764AA /* Models */,
				E7F7A7A228EDD0A8007764AA /* Views */,
				E7F7A79428EDD087007764AA /* PriceCheckFBApp.swift */,
				E7F7A79828EDD088007764AA /* Assets.xcassets */,
				E7F7A79A28EDD088007764AA /* Preview Content */,
			);
			path = PriceCheckFB;
			sourceTree = "<group>";
		};
		E7F7A79A28EDD088007764AA /* Preview Content */ = {
			isa = PBXGroup;
			children = (
				E7F7A79B28EDD088007764AA /* Preview Assets.xcassets */,
			);
			path = "Preview Content";
			sourceTree = "<group>";
		};
		E7F7A7A228EDD0A8007764AA /* Views */ = {
			isa = PBXGroup;
			children = (
				E7F7A7AC28EDD1B9007764AA /* AppView.swift */,
				E7F7A7AE28EDD1ED007764AA /* ScanListView.swift */,
				E7F7A7B028EDD1FC007764AA /* ScanRowView.swift */,
				E7F7A7B228EDD20C007764AA /* SectionView.swift */,
				E7F7A7B428EDD219007764AA /* ScannerView.swift */,
				E7F7A7B828EDD2E5007764AA /* ScanDetailsView.swift */,
			);
			path = Views;
			sourceTree = "<group>";
		};
		E7F7A7A328EDD0B3007764AA /* Models */ = {
			isa = PBXGroup;
			children = (
				E7F7A7A828EDD10C007764AA /* Location.swift */,
				E7F7A7AA28EDD125007764AA /* PriceScan.swift */,
			);
			path = Models;
			sourceTree = "<group>";
		};
		E7F7A7A428EDD0BC007764AA /* DataRepositories */ = {
			isa = PBXGroup;
			children = (
				E7F7A7BD28EDD61A007764AA /* LocationRepository.swift */,
			);
			path = DataRepositories;
			sourceTree = "<group>";
		};
		E7F7A7A528EDD0C9007764AA /* Resources */ = {
			isa = PBXGroup;
			children = (
				E7F7A7B628EDD2B6007764AA /* scan_by_location.json */,
				E7F7A7A628EDD0F2007764AA /* Helper.swift */,
			);
			path = Resources;
			sourceTree = "<group>";
		};
/* End PBXGroup section */

/* Begin PBXNativeTarget section */
		E7F7A79028EDD087007764AA /* PriceCheckFB */ = {
			isa = PBXNativeTarget;
			buildConfigurationList = E7F7A79F28EDD088007764AA /* Build configuration list for PBXNativeTarget "PriceCheckFB" */;
			buildPhases = (
				E7F7A78D28EDD087007764AA /* Sources */,
				E7F7A78E28EDD087007764AA /* Frameworks */,
				E7F7A78F28EDD087007764AA /* Resources */,
			);
			buildRules = (
			);
			dependencies = (
			);
			name = PriceCheckFB;
			packageProductDependencies = (
				559E76972CAC54010035F04C /* FirebaseFirestore */,
				559E76992CAC547B0035F04C /* FirebaseAnalytics */,
				559E769B2CAC547B0035F04C /* FirebaseAnalyticsOnDeviceConversion */,
				559E769D2CAC547B0035F04C /* FirebaseAnalyticsWithoutAdIdSupport */,
				559E769F2CAC547B0035F04C /* FirebaseAppCheck */,
				559E76A12CAC547B0035F04C /* FirebaseAppDistribution-Beta */,
				559E76A32CAC547B0035F04C /* FirebaseAuth */,
				559E76A52CAC547B0035F04C /* FirebaseAuthCombine-Community */,
				559E76A72CAC547B0035F04C /* FirebaseCore */,
				559E76A92CAC547B0035F04C /* FirebaseCrashlytics */,
				559E76AB2CAC547B0035F04C /* FirebaseDatabase */,
				559E76AD2CAC547B0035F04C /* FirebaseDynamicLinks */,
				559E76AF2CAC547B0035F04C /* FirebaseFirestoreCombine-Community */,
				559E76B12CAC547B0035F04C /* FirebaseFunctions */,
				559E76B32CAC547B0035F04C /* FirebaseFunctionsCombine-Community */,
				559E76B52CAC547B0035F04C /* FirebaseInAppMessaging-Beta */,
				559E76B72CAC547B0035F04C /* FirebaseInstallations */,
				559E76B92CAC547B0035F04C /* FirebaseMLModelDownloader */,
				559E76BB2CAC547B0035F04C /* FirebaseMessaging */,
				559E76BD2CAC547B0035F04C /* FirebasePerformance */,
				559E76BF2CAC547B0035F04C /* FirebaseRemoteConfig */,
				559E76C12CAC547B0035F04C /* FirebaseStorage */,
				559E76C32CAC547B0035F04C /* FirebaseStorageCombine-Community */,
				559E76C52CAC547B0035F04C /* FirebaseVertexAI-Preview */,
			);
			productName = PriceCheckFB;
			productReference = E7F7A79128EDD087007764AA /* PriceCheckFB.app */;
			productType = "com.apple.product-type.application";
		};
/* End PBXNativeTarget section */

/* Begin PBXProject section */
		E7F7A78928EDD087007764AA /* Project object */ = {
			isa = PBXProject;
			attributes = {
				BuildIndependentTargetsInParallel = 1;
				LastSwiftUpdateCheck = 1400;
				LastUpgradeCheck = 1400;
				TargetAttributes = {
					E7F7A79028EDD087007764AA = {
						CreatedOnToolsVersion = 14.0;
					};
				};
			};
			buildConfigurationList = E7F7A78C28EDD087007764AA /* Build configuration list for PBXProject "PriceCheckFB" */;
			compatibilityVersion = "Xcode 14.0";
			developmentRegion = en;
			hasScannedForEncodings = 0;
			knownRegions = (
				en,
				Base,
			);
			mainGroup = E7F7A78828EDD087007764AA;
			packageReferences = (
				559E76962CAC52320035F04C /* XCRemoteSwiftPackageReference "firebase-ios-sdk" */,
			);
			productRefGroup = E7F7A79228EDD087007764AA /* Products */;
			projectDirPath = "";
			projectRoot = "";
			targets = (
				E7F7A79028EDD087007764AA /* PriceCheckFB */,
			);
		};
/* End PBXProject section */

/* Begin PBXResourcesBuildPhase section */
		E7F7A78F28EDD087007764AA /* Resources */ = {
			isa = PBXResourcesBuildPhase;
			buildActionMask = 2147483647;
			files = (
				E7F7A7B728EDD2B6007764AA /* scan_by_location.json in Resources */,
				559E76C82CAC55080035F04C /* GoogleService-Info.plist in Resources */,
				E7F7A79C28EDD088007764AA /* Preview Assets.xcassets in Resources */,
				E7F7A79928EDD088007764AA /* Assets.xcassets in Resources */,
			);
			runOnlyForDeploymentPostprocessing = 0;
		};
/* End PBXResourcesBuildPhase section */

/* Begin PBXSourcesBuildPhase section */
		E7F7A78D28EDD087007764AA /* Sources */ = {
			isa = PBXSourcesBuildPhase;
			buildActionMask = 2147483647;
			files = (
				E7F7A7B128EDD1FC007764AA /* ScanRowView.swift in Sources */,
				E7F7A7B328EDD20C007764AA /* SectionView.swift in Sources */,
				E7F7A7BE28EDD61A007764AA /* LocationRepository.swift in Sources */,
				E7F7A7AB28EDD125007764AA /* PriceScan.swift in Sources */,
				E7F7A7AD28EDD1B9007764AA /* AppView.swift in Sources */,
				E7F7A79528EDD087007764AA /* PriceCheckFBApp.swift in Sources */,
				E7F7A7A928EDD10C007764AA /* Location.swift in Sources */,
				E7F7A7A728EDD0F2007764AA /* Helper.swift in Sources */,
				E7F7A7AF28EDD1ED007764AA /* ScanListView.swift in Sources */,
				E7F7A7B528EDD219007764AA /* ScannerView.swift in Sources */,
				E7F7A7B928EDD2E5007764AA /* ScanDetailsView.swift in Sources */,
			);
			runOnlyForDeploymentPostprocessing = 0;
		};
/* End PBXSourcesBuildPhase section */

/* Begin XCBuildConfiguration section */
		E7F7A79D28EDD088007764AA /* Debug */ = {
			isa = XCBuildConfiguration;
			buildSettings = {
				ALWAYS_SEARCH_USER_PATHS = NO;
				CLANG_ANALYZER_NONNULL = YES;
				CLANG_ANALYZER_NUMBER_OBJECT_CONVERSION = YES_AGGRESSIVE;
				CLANG_CXX_LANGUAGE_STANDARD = "gnu++20";
				CLANG_ENABLE_MODULES = YES;
				CLANG_ENABLE_OBJC_ARC = YES;
				CLANG_ENABLE_OBJC_WEAK = YES;
				CLANG_WARN_BLOCK_CAPTURE_AUTORELEASING = YES;
				CLANG_WARN_BOOL_CONVERSION = YES;
				CLANG_WARN_COMMA = YES;
				CLANG_WARN_CONSTANT_CONVERSION = YES;
				CLANG_WARN_DEPRECATED_OBJC_IMPLEMENTATIONS = YES;
				CLANG_WARN_DIRECT_OBJC_ISA_USAGE = YES_ERROR;
				CLANG_WARN_DOCUMENTATION_COMMENTS = YES;
				CLANG_WARN_EMPTY_BODY = YES;
				CLANG_WARN_ENUM_CONVERSION = YES;
				CLANG_WARN_INFINITE_RECURSION = YES;
				CLANG_WARN_INT_CONVERSION = YES;
				CLANG_WARN_NON_LITERAL_NULL_CONVERSION = YES;
				CLANG_WARN_OBJC_IMPLICIT_RETAIN_SELF = YES;
				CLANG_WARN_OBJC_LITERAL_CONVERSION = YES;
				CLANG_WARN_OBJC_ROOT_CLASS = YES_ERROR;
				CLANG_WARN_QUOTED_INCLUDE_IN_FRAMEWORK_HEADER = YES;
				CLANG_WARN_RANGE_LOOP_ANALYSIS = YES;
				CLANG_WARN_STRICT_PROTOTYPES = YES;
				CLANG_WARN_SUSPICIOUS_MOVE = YES;
				CLANG_WARN_UNGUARDED_AVAILABILITY = YES_AGGRESSIVE;
				CLANG_WARN_UNREACHABLE_CODE = YES;
				CLANG_WARN__DUPLICATE_METHOD_MATCH = YES;
				COPY_PHASE_STRIP = NO;
				DEBUG_INFORMATION_FORMAT = dwarf;
				ENABLE_STRICT_OBJC_MSGSEND = YES;
				ENABLE_TESTABILITY = YES;
				GCC_C_LANGUAGE_STANDARD = gnu11;
				GCC_DYNAMIC_NO_PIC = NO;
				GCC_NO_COMMON_BLOCKS = YES;
				GCC_OPTIMIZATION_LEVEL = 0;
				GCC_PREPROCESSOR_DEFINITIONS = (
					"DEBUG=1",
					"$(inherited)",
				);
				GCC_WARN_64_TO_32_BIT_CONVERSION = YES;
				GCC_WARN_ABOUT_RETURN_TYPE = YES_ERROR;
				GCC_WARN_UNDECLARED_SELECTOR = YES;
				GCC_WARN_UNINITIALIZED_AUTOS = YES_AGGRESSIVE;
				GCC_WARN_UNUSED_FUNCTION = YES;
				GCC_WARN_UNUSED_VARIABLE = YES;
				IPHONEOS_DEPLOYMENT_TARGET = 16.0;
				MTL_ENABLE_DEBUG_INFO = INCLUDE_SOURCE;
				MTL_FAST_MATH = YES;
				ONLY_ACTIVE_ARCH = YES;
				SDKROOT = iphoneos;
				SWIFT_ACTIVE_COMPILATION_CONDITIONS = DEBUG;
				SWIFT_OPTIMIZATION_LEVEL = "-Onone";
			};
			name = Debug;
		};
		E7F7A79E28EDD088007764AA /* Release */ = {
			isa = XCBuildConfiguration;
			buildSettings = {
				ALWAYS_SEARCH_USER_PATHS = NO;
				CLANG_ANALYZER_NONNULL = YES;
				CLANG_ANALYZER_NUMBER_OBJECT_CONVERSION = YES_AGGRESSIVE;
				CLANG_CXX_LANGUAGE_STANDARD = "gnu++20";
				CLANG_ENABLE_MODULES = YES;
				CLANG_ENABLE_OBJC_ARC = YES;
				CLANG_ENABLE_OBJC_WEAK = YES;
				CLANG_WARN_BLOCK_CAPTURE_AUTORELEASING = YES;
				CLANG_WARN_BOOL_CONVERSION = YES;
				CLANG_WARN_COMMA = YES;
				CLANG_WARN_CONSTANT_CONVERSION = YES;
				CLANG_WARN_DEPRECATED_OBJC_IMPLEMENTATIONS = YES;
				CLANG_WARN_DIRECT_OBJC_ISA_USAGE = YES_ERROR;
				CLANG_WARN_DOCUMENTATION_COMMENTS = YES;
				CLANG_WARN_EMPTY_BODY = YES;
				CLANG_WARN_ENUM_CONVERSION = YES;
				CLANG_WARN_INFINITE_RECURSION = YES;
				CLANG_WARN_INT_CONVERSION = YES;
				CLANG_WARN_NON_LITERAL_NULL_CONVERSION = YES;
				CLANG_WARN_OBJC_IMPLICIT_RETAIN_SELF = YES;
				CLANG_WARN_OBJC_LITERAL_CONVERSION = YES;
				CLANG_WARN_OBJC_ROOT_CLASS = YES_ERROR;
				CLANG_WARN_QUOTED_INCLUDE_IN_FRAMEWORK_HEADER = YES;
				CLANG_WARN_RANGE_LOOP_ANALYSIS = YES;
				CLANG_WARN_STRICT_PROTOTYPES = YES;
				CLANG_WARN_SUSPICIOUS_MOVE = YES;
				CLANG_WARN_UNGUARDED_AVAILABILITY = YES_AGGRESSIVE;
				CLANG_WARN_UNREACHABLE_CODE = YES;
				CLANG_WARN__DUPLICATE_METHOD_MATCH = YES;
				COPY_PHASE_STRIP = NO;
				DEBUG_INFORMATION_FORMAT = "dwarf-with-dsym";
				ENABLE_NS_ASSERTIONS = NO;
				ENABLE_STRICT_OBJC_MSGSEND = YES;
				GCC_C_LANGUAGE_STANDARD = gnu11;
				GCC_NO_COMMON_BLOCKS = YES;
				GCC_WARN_64_TO_32_BIT_CONVERSION = YES;
				GCC_WARN_ABOUT_RETURN_TYPE = YES_ERROR;
				GCC_WARN_UNDECLARED_SELECTOR = YES;
				GCC_WARN_UNINITIALIZED_AUTOS = YES_AGGRESSIVE;
				GCC_WARN_UNUSED_FUNCTION = YES;
				GCC_WARN_UNUSED_VARIABLE = YES;
				IPHONEOS_DEPLOYMENT_TARGET = 16.0;
				MTL_ENABLE_DEBUG_INFO = NO;
				MTL_FAST_MATH = YES;
				SDKROOT = iphoneos;
				SWIFT_COMPILATION_MODE = wholemodule;
				SWIFT_OPTIMIZATION_LEVEL = "-O";
				VALIDATE_PRODUCT = YES;
			};
			name = Release;
		};
		E7F7A7A028EDD088007764AA /* Debug */ = {
			isa = XCBuildConfiguration;
			buildSettings = {
				ASSETCATALOG_COMPILER_APPICON_NAME = AppIcon;
				ASSETCATALOG_COMPILER_GLOBAL_ACCENT_COLOR_NAME = AccentColor;
				CODE_SIGN_STYLE = Automatic;
				CURRENT_PROJECT_VERSION = 1;
				DEVELOPMENT_ASSET_PATHS = "\"PriceCheckFB/Preview Content\"";
				DEVELOPMENT_TEAM = X94WPSRU4C;
				ENABLE_PREVIEWS = YES;
				GENERATE_INFOPLIST_FILE = YES;
				INFOPLIST_KEY_UIApplicationSceneManifest_Generation = YES;
				INFOPLIST_KEY_UIApplicationSupportsIndirectInputEvents = YES;
				INFOPLIST_KEY_UILaunchScreen_Generation = YES;
				INFOPLIST_KEY_UISupportedInterfaceOrientations_iPad = "UIInterfaceOrientationPortrait UIInterfaceOrientationPortraitUpsideDown UIInterfaceOrientationLandscapeLeft UIInterfaceOrientationLandscapeRight";
				INFOPLIST_KEY_UISupportedInterfaceOrientations_iPhone = "UIInterfaceOrientationPortrait UIInterfaceOrientationLandscapeLeft UIInterfaceOrientationLandscapeRight";
				IPHONEOS_DEPLOYMENT_TARGET = 15.3;
				LD_RUNPATH_SEARCH_PATHS = (
					"$(inherited)",
					"@executable_path/Frameworks",
				);
				MARKETING_VERSION = 1.0;
				PRODUCT_BUNDLE_IDENTIFIER = net.cmuis.PriceCheckFB;
				PRODUCT_NAME = "$(TARGET_NAME)";
				SWIFT_EMIT_LOC_STRINGS = YES;
				SWIFT_VERSION = 5.0;
				TARGETED_DEVICE_FAMILY = "1,2";
			};
			name = Debug;
		};
		E7F7A7A128EDD088007764AA /* Release */ = {
			isa = XCBuildConfiguration;
			buildSettings = {
				ASSETCATALOG_COMPILER_APPICON_NAME = AppIcon;
				ASSETCATALOG_COMPILER_GLOBAL_ACCENT_COLOR_NAME = AccentColor;
				CODE_SIGN_STYLE = Automatic;
				CURRENT_PROJECT_VERSION = 1;
				DEVELOPMENT_ASSET_PATHS = "\"PriceCheckFB/Preview Content\"";
				DEVELOPMENT_TEAM = X94WPSRU4C;
				ENABLE_PREVIEWS = YES;
				GENERATE_INFOPLIST_FILE = YES;
				INFOPLIST_KEY_UIApplicationSceneManifest_Generation = YES;
				INFOPLIST_KEY_UIApplicationSupportsIndirectInputEvents = YES;
				INFOPLIST_KEY_UILaunchScreen_Generation = YES;
				INFOPLIST_KEY_UISupportedInterfaceOrientations_iPad = "UIInterfaceOrientationPortrait UIInterfaceOrientationPortraitUpsideDown UIInterfaceOrientationLandscapeLeft UIInterfaceOrientationLandscapeRight";
				INFOPLIST_KEY_UISupportedInterfaceOrientations_iPhone = "UIInterfaceOrientationPortrait UIInterfaceOrientationLandscapeLeft UIInterfaceOrientationLandscapeRight";
				IPHONEOS_DEPLOYMENT_TARGET = 15.3;
				LD_RUNPATH_SEARCH_PATHS = (
					"$(inherited)",
					"@executable_path/Frameworks",
				);
				MARKETING_VERSION = 1.0;
				PRODUCT_BUNDLE_IDENTIFIER = net.cmuis.PriceCheckFB;
				PRODUCT_NAME = "$(TARGET_NAME)";
				SWIFT_EMIT_LOC_STRINGS = YES;
				SWIFT_VERSION = 5.0;
				TARGETED_DEVICE_FAMILY = "1,2";
			};
			name = Release;
		};
/* End XCBuildConfiguration section */

/* Begin XCConfigurationList section */
		E7F7A78C28EDD087007764AA /* Build configuration list for PBXProject "PriceCheckFB" */ = {
			isa = XCConfigurationList;
			buildConfigurations = (
				E7F7A79D28EDD088007764AA /* Debug */,
				E7F7A79E28EDD088007764AA /* Release */,
			);
			defaultConfigurationIsVisible = 0;
			defaultConfigurationName = Release;
		};
		E7F7A79F28EDD088007764AA /* Build configuration list for PBXNativeTarget "PriceCheckFB" */ = {
			isa = XCConfigurationList;
			buildConfigurations = (
				E7F7A7A028EDD088007764AA /* Debug */,
				E7F7A7A128EDD088007764AA /* Release */,
			);
			defaultConfigurationIsVisible = 0;
			defaultConfigurationName = Release;
		};
/* End XCConfigurationList section */

/* Begin XCRemoteSwiftPackageReference section */
		559E76962CAC52320035F04C /* XCRemoteSwiftPackageReference "firebase-ios-sdk" */ = {
			isa = XCRemoteSwiftPackageReference;
			repositoryURL = "https://github.com/firebase/firebase-ios-sdk.git";
			requirement = {
				kind = upToNextMajorVersion;
				minimumVersion = 11.3.0;
			};
		};
/* End XCRemoteSwiftPackageReference section */

/* Begin XCSwiftPackageProductDependency section */
		559E76972CAC54010035F04C /* FirebaseFirestore */ = {
			isa = XCSwiftPackageProductDependency;
			package = 559E76962CAC52320035F04C /* XCRemoteSwiftPackageReference "firebase-ios-sdk" */;
			productName = FirebaseFirestore;
		};
		559E76992CAC547B0035F04C /* FirebaseAnalytics */ = {
			isa = XCSwiftPackageProductDependency;
			package = 559E76962CAC52320035F04C /* XCRemoteSwiftPackageReference "firebase-ios-sdk" */;
			productName = FirebaseAnalytics;
		};
		559E769B2CAC547B0035F04C /* FirebaseAnalyticsOnDeviceConversion */ = {
			isa = XCSwiftPackageProductDependency;
			package = 559E76962CAC52320035F04C /* XCRemoteSwiftPackageReference "firebase-ios-sdk" */;
			productName = FirebaseAnalyticsOnDeviceConversion;
		};
		559E769D2CAC547B0035F04C /* FirebaseAnalyticsWithoutAdIdSupport */ = {
			isa = XCSwiftPackageProductDependency;
			package = 559E76962CAC52320035F04C /* XCRemoteSwiftPackageReference "firebase-ios-sdk" */;
			productName = FirebaseAnalyticsWithoutAdIdSupport;
		};
		559E769F2CAC547B0035F04C /* FirebaseAppCheck */ = {
			isa = XCSwiftPackageProductDependency;
			package = 559E76962CAC52320035F04C /* XCRemoteSwiftPackageReference "firebase-ios-sdk" */;
			productName = FirebaseAppCheck;
		};
		559E76A12CAC547B0035F04C /* FirebaseAppDistribution-Beta */ = {
			isa = XCSwiftPackageProductDependency;
			package = 559E76962CAC52320035F04C /* XCRemoteSwiftPackageReference "firebase-ios-sdk" */;
			productName = "FirebaseAppDistribution-Beta";
		};
		559E76A32CAC547B0035F04C /* FirebaseAuth */ = {
			isa = XCSwiftPackageProductDependency;
			package = 559E76962CAC52320035F04C /* XCRemoteSwiftPackageReference "firebase-ios-sdk" */;
			productName = FirebaseAuth;
		};
		559E76A52CAC547B0035F04C /* FirebaseAuthCombine-Community */ = {
			isa = XCSwiftPackageProductDependency;
			package = 559E76962CAC52320035F04C /* XCRemoteSwiftPackageReference "firebase-ios-sdk" */;
			productName = "FirebaseAuthCombine-Community";
		};
		559E76A72CAC547B0035F04C /* FirebaseCore */ = {
			isa = XCSwiftPackageProductDependency;
			package = 559E76962CAC52320035F04C /* XCRemoteSwiftPackageReference "firebase-ios-sdk" */;
			productName = FirebaseCore;
		};
		559E76A92CAC547B0035F04C /* FirebaseCrashlytics */ = {
			isa = XCSwiftPackageProductDependency;
			package = 559E76962CAC52320035F04C /* XCRemoteSwiftPackageReference "firebase-ios-sdk" */;
			productName = FirebaseCrashlytics;
		};
		559E76AB2CAC547B0035F04C /* FirebaseDatabase */ = {
			isa = XCSwiftPackageProductDependency;
			package = 559E76962CAC52320035F04C /* XCRemoteSwiftPackageReference "firebase-ios-sdk" */;
			productName = FirebaseDatabase;
		};
		559E76AD2CAC547B0035F04C /* FirebaseDynamicLinks */ = {
			isa = XCSwiftPackageProductDependency;
			package = 559E76962CAC52320035F04C /* XCRemoteSwiftPackageReference "firebase-ios-sdk" */;
			productName = FirebaseDynamicLinks;
		};
		559E76AF2CAC547B0035F04C /* FirebaseFirestoreCombine-Community */ = {
			isa = XCSwiftPackageProductDependency;
			package = 559E76962CAC52320035F04C /* XCRemoteSwiftPackageReference "firebase-ios-sdk" */;
			productName = "FirebaseFirestoreCombine-Community";
		};
		559E76B12CAC547B0035F04C /* FirebaseFunctions */ = {
			isa = XCSwiftPackageProductDependency;
			package = 559E76962CAC52320035F04C /* XCRemoteSwiftPackageReference "firebase-ios-sdk" */;
			productName = FirebaseFunctions;
		};
		559E76B32CAC547B0035F04C /* FirebaseFunctionsCombine-Community */ = {
			isa = XCSwiftPackageProductDependency;
			package = 559E76962CAC52320035F04C /* XCRemoteSwiftPackageReference "firebase-ios-sdk" */;
			productName = "FirebaseFunctionsCombine-Community";
		};
		559E76B52CAC547B0035F04C /* FirebaseInAppMessaging-Beta */ = {
			isa = XCSwiftPackageProductDependency;
			package = 559E76962CAC52320035F04C /* XCRemoteSwiftPackageReference "firebase-ios-sdk" */;
			productName = "FirebaseInAppMessaging-Beta";
		};
		559E76B72CAC547B0035F04C /* FirebaseInstallations */ = {
			isa = XCSwiftPackageProductDependency;
			package = 559E76962CAC52320035F04C /* XCRemoteSwiftPackageReference "firebase-ios-sdk" */;
			productName = FirebaseInstallations;
		};
		559E76B92CAC547B0035F04C /* FirebaseMLModelDownloader */ = {
			isa = XCSwiftPackageProductDependency;
			package = 559E76962CAC52320035F04C /* XCRemoteSwiftPackageReference "firebase-ios-sdk" */;
			productName = FirebaseMLModelDownloader;
		};
		559E76BB2CAC547B0035F04C /* FirebaseMessaging */ = {
			isa = XCSwiftPackageProductDependency;
			package = 559E76962CAC52320035F04C /* XCRemoteSwiftPackageReference "firebase-ios-sdk" */;
			productName = FirebaseMessaging;
		};
		559E76BD2CAC547B0035F04C /* FirebasePerformance */ = {
			isa = XCSwiftPackageProductDependency;
			package = 559E76962CAC52320035F04C /* XCRemoteSwiftPackageReference "firebase-ios-sdk" */;
			productName = FirebasePerformance;
		};
		559E76BF2CAC547B0035F04C /* FirebaseRemoteConfig */ = {
			isa = XCSwiftPackageProductDependency;
			package = 559E76962CAC52320035F04C /* XCRemoteSwiftPackageReference "firebase-ios-sdk" */;
			productName = FirebaseRemoteConfig;
		};
		559E76C12CAC547B0035F04C /* FirebaseStorage */ = {
			isa = XCSwiftPackageProductDependency;
			package = 559E76962CAC52320035F04C /* XCRemoteSwiftPackageReference "firebase-ios-sdk" */;
			productName = FirebaseStorage;
		};
		559E76C32CAC547B0035F04C /* FirebaseStorageCombine-Community */ = {
			isa = XCSwiftPackageProductDependency;
			package = 559E76962CAC52320035F04C /* XCRemoteSwiftPackageReference "firebase-ios-sdk" */;
			productName = "FirebaseStorageCombine-Community";
		};
		559E76C52CAC547B0035F04C /* FirebaseVertexAI-Preview */ = {
			isa = XCSwiftPackageProductDependency;
			package = 559E76962CAC52320035F04C /* XCRemoteSwiftPackageReference "firebase-ios-sdk" */;
			productName = "FirebaseVertexAI-Preview";
		};
/* End XCSwiftPackageProductDependency section */
	};
	rootObject = E7F7A78928EDD087007764AA /* Project object */;
}
